
Microsoft Visual Studio Solution File, Format Version 12.00
# Visual Studio Version 16
VisualStudioVersion = 16.0.31624.102
MinimumVisualStudioVersion = 10.0.40219.1
Project("{FAE04EC0-301F-11D3-BF4B-00C04F79EFBC}") = "HireHop-Login-Interface", "HireHop-Login-Interface\HireHop-Login-Interface.csproj", "{A2A4A222-2573-4170-AEC4-B42517B6C8D0}"
EndProject
Global
	GlobalSection(SolutionConfigurationPlatforms) = preSolution
		Debug|Any CPU = Debug|Any CPU
		Release|Any CPU = Release|Any CPU
	EndGlobalSection
	GlobalSection(ProjectConfigurationPlatforms) = postSolution
		{A2A4A222-2573-4170-AEC4-B42517B6C8D0}.Debug|Any CPU.ActiveCfg = Debug|Any CPU
		{A2A4A222-2573-4170-AEC4-B42517B6C8D0}.Debug|Any CPU.Build.0 = Debug|Any CPU
		{A2A4A222-2573-4170-AEC4-B42517B6C8D0}.Release|Any CPU.ActiveCfg = Release|Any CPU
		{A2A4A222-2573-4170-AEC4-B42517B6C8D0}.Release|Any CPU.Build.0 = Release|Any CPU
	EndGlobalSection
	GlobalSection(SolutionProperties) = preSolution
		HideSolutionNode = FALSE
	EndGlobalSection
	GlobalSection(ExtensibilityGlobals) = postSolution
		SolutionGuid = {1714CE4C-023B-48E5-89F3-4E9B06998FC6}
	EndGlobalSection
EndGlobal
